
Microsoft Visual Studio Solution File, Format Version 12.00
# Visual Studio 15
Project("{FAE04EC0-301F-11D3-BF4B-00C04F79EFBC}") = "MyFirstAPI", "API\MyFirstAPI.csproj", "{8C537111-6F76-48A3-A5A3-B5B8788494C8}"
EndProject
Global
	GlobalSection(SolutionConfigurationPlatforms) = preSolution
		Debug|Any CPU = Debug|Any CPU
		Release|Any CPU = Release|Any CPU
	EndGlobalSection
	GlobalSection(ProjectConfigurationPlatforms) = postSolution
		{8C537111-6F76-48A3-A5A3-B5B8788494C8}.Debug|Any CPU.ActiveCfg = Debug|Any CPU
		{8C537111-6F76-48A3-A5A3-B5B8788494C8}.Debug|Any CPU.Build.0 = Debug|Any CPU
		{8C537111-6F76-48A3-A5A3-B5B8788494C8}.Release|Any CPU.ActiveCfg = Release|Any CPU
		{8C537111-6F76-48A3-A5A3-B5B8788494C8}.Release|Any CPU.Build.0 = Release|Any CPU
	EndGlobalSection
EndGlobal
